
Microsoft Visual Studio Solution File, Format Version 12.00
# Visual Studio Version 16
VisualStudioVersion = 16.0.28729.10
MinimumVisualStudioVersion = 10.0.40219.1
Project("{FAE04EC0-301F-11D3-BF4B-00C04F79EFBC}") = "TreePractice", "TreePractice\TreePractice.csproj", "{D042FCC2-8CA0-4E90-9956-EEB055231F0A}"
EndProject
Global
	GlobalSection(SolutionConfigurationPlatforms) = preSolution
		Debug|Any CPU = Debug|Any CPU
		Release|Any CPU = Release|Any CPU
	EndGlobalSection
	GlobalSection(ProjectConfigurationPlatforms) = postSolution
		{D042FCC2-8CA0-4E90-9956-EEB055231F0A}.Debug|Any CPU.ActiveCfg = Debug|Any CPU
		{D042FCC2-8CA0-4E90-9956-EEB055231F0A}.Debug|Any CPU.Build.0 = Debug|Any CPU
		{D042FCC2-8CA0-4E90-9956-EEB055231F0A}.Release|Any CPU.ActiveCfg = Release|Any CPU
		{D042FCC2-8CA0-4E90-9956-EEB055231F0A}.Release|Any CPU.Build.0 = Release|Any CPU
	EndGlobalSection
	GlobalSection(SolutionProperties) = preSolution
		HideSolutionNode = FALSE
	EndGlobalSection
	GlobalSection(ExtensibilityGlobals) = postSolution
		SolutionGuid = {3002ECD1-FEDA-4891-BE9F-0F4A161696D4}
	EndGlobalSection
EndGlobal
